// !$*UTF8*$!
{
	archiveVersion = 1;
	classes = {
	};
	objectVersion = 77;
	objects = {

/* Begin PBXBuildFile section */
		1FF457F1529897BFE60E2269 /* Pods_FindMyBookTests.framework in Frameworks */ = {isa = PBXBuildFile; fileRef = B6EE97EC28FB73082D9EDBB2 /* Pods_FindMyBookTests.framework */; };
		29A6A4EABEA9FE327EED7593 /* Pods_FindMyBook_FindMyBookUITests.framework in Frameworks */ = {isa = PBXBuildFile; fileRef = 4EC2986B4F28FD180A1D866E /* Pods_FindMyBook_FindMyBookUITests.framework */; };
		7F24D09A2E14151200D06F30 /* APIEndPoints.swift in Sources */ = {isa = PBXBuildFile; fileRef = 7F24D0992E14151200D06F30 /* APIEndPoints.swift */; };
		7F24D09C2E141A6400D06F30 /* BooksHomeViewModel.swift in Sources */ = {isa = PBXBuildFile; fileRef = 7F24D09B2E141A6400D06F30 /* BooksHomeViewModel.swift */; };
		7F24D0A42E16AD7800D06F30 /* BooksModel.swift in Sources */ = {isa = PBXBuildFile; fileRef = 7F24D0A32E16AD7800D06F30 /* BooksModel.swift */; };
		7F24D0AC2E16B62400D06F30 /* BooksRepository.swift in Sources */ = {isa = PBXBuildFile; fileRef = 7F24D0AB2E16B62400D06F30 /* BooksRepository.swift */; };
		7F24D0AE2E16BAE300D06F30 /* BooksUseCase.swift in Sources */ = {isa = PBXBuildFile; fileRef = 7F24D0AD2E16BAE300D06F30 /* BooksUseCase.swift */; };
		7F24D0CD2E18E67100D06F30 /* BookDetailsViewController.swift in Sources */ = {isa = PBXBuildFile; fileRef = 7F24D0CC2E18E67100D06F30 /* BookDetailsViewController.swift */; };
		7F24D0D92E18EB2B00D06F30 /* BookDetailTopView.swift in Sources */ = {isa = PBXBuildFile; fileRef = 7F24D0D72E18EB2B00D06F30 /* BookDetailTopView.swift */; };
		7F24D0DB2E18ED7300D06F30 /* BookDetailsBottomView.swift in Sources */ = {isa = PBXBuildFile; fileRef = 7F24D0DA2E18ED7300D06F30 /* BookDetailsBottomView.swift */; };
		7F24D0E42E19656C00D06F30 /* BooksCoordinator.swift in Sources */ = {isa = PBXBuildFile; fileRef = 7F24D0E32E19656C00D06F30 /* BooksCoordinator.swift */; };
		7F24D0EC2E1BAC1900D06F30 /* BookDetailsViewModel.swift in Sources */ = {isa = PBXBuildFile; fileRef = 7F24D0EB2E1BAC1900D06F30 /* BookDetailsViewModel.swift */; };
		7F24D0EE2E1BAD9E00D06F30 /* BookDetailsPageData.swift in Sources */ = {isa = PBXBuildFile; fileRef = 7F24D0ED2E1BAD9E00D06F30 /* BookDetailsPageData.swift */; };
		7F24D0FC2E1E9B2500D06F30 /* FavoriteBooksModel.swift in Sources */ = {isa = PBXBuildFile; fileRef = 7F24D0FB2E1E9B2500D06F30 /* FavoriteBooksModel.swift */; };
		7F24D1042E1E9CD100D06F30 /* FavoriteStorage.swift in Sources */ = {isa = PBXBuildFile; fileRef = 7F24D1032E1E9CD100D06F30 /* FavoriteStorage.swift */; };
		7F24D1122E1EA5F700D06F30 /* FavoriteBooksViewController.swift in Sources */ = {isa = PBXBuildFile; fileRef = 7F24D1112E1EA5F700D06F30 /* FavoriteBooksViewController.swift */; };
		7F24D1142E1EA6DE00D06F30 /* FavoriteTableViewCell.swift in Sources */ = {isa = PBXBuildFile; fileRef = 7F24D1132E1EA6DE00D06F30 /* FavoriteTableViewCell.swift */; };
		7F24D1162E1EA91000D06F30 /* FavoriteBooksViewModel.swift in Sources */ = {isa = PBXBuildFile; fileRef = 7F24D1152E1EA91000D06F30 /* FavoriteBooksViewModel.swift */; };
		7F24D1182E20091500D06F30 /* ToastView.swift in Sources */ = {isa = PBXBuildFile; fileRef = 7F24D1172E20091500D06F30 /* ToastView.swift */; };
		7F5E63972DD8622F0080D565 /* AppDelegate.swift in Sources */ = {isa = PBXBuildFile; fileRef = 7F5E638D2DD8622F0080D565 /* AppDelegate.swift */; };
		7F5E63982DD8622F0080D565 /* FindMyBook.xcdatamodeld in Sources */ = {isa = PBXBuildFile; fileRef = 7F5E638F2DD8622F0080D565 /* FindMyBook.xcdatamodeld */; };
		7F5E63992DD8622F0080D565 /* SceneDelegate.swift in Sources */ = {isa = PBXBuildFile; fileRef = 7F5E63932DD8622F0080D565 /* SceneDelegate.swift */; };
		7F5E639A2DD8622F0080D565 /* HomeViewController.swift in Sources */ = {isa = PBXBuildFile; fileRef = 7F5E63942DD8622F0080D565 /* HomeViewController.swift */; };
		7F5E639B2DD8622F0080D565 /* Assets.xcassets in Resources */ = {isa = PBXBuildFile; fileRef = 7F5E638E2DD8622F0080D565 /* Assets.xcassets */; };
		7F5E639D2DD8622F0080D565 /* LaunchScreen.storyboard in Resources */ = {isa = PBXBuildFile; fileRef = 7F5E63922DD8622F0080D565 /* LaunchScreen.storyboard */; };
		7F5E63A02DD862360080D565 /* FindMyBookTests.swift in Sources */ = {isa = PBXBuildFile; fileRef = 7F5E639E2DD862360080D565 /* FindMyBookTests.swift */; };
		7F5E63A42DD8623A0080D565 /* FindMyBookUITests.swift in Sources */ = {isa = PBXBuildFile; fileRef = 7F5E63A12DD8623A0080D565 /* FindMyBookUITests.swift */; };
		7F5E63A52DD8623A0080D565 /* FindMyBookUITestsLaunchTests.swift in Sources */ = {isa = PBXBuildFile; fileRef = 7F5E63A22DD8623A0080D565 /* FindMyBookUITestsLaunchTests.swift */; };
		7F5E63AE2DD864210080D565 /* TabBarCorrdinator.swift in Sources */ = {isa = PBXBuildFile; fileRef = 7F5E63AD2DD864210080D565 /* TabBarCorrdinator.swift */; };
		7F5E63B12DDB6D9A0080D565 /* BooksTableViewCell.swift in Sources */ = {isa = PBXBuildFile; fileRef = 7F5E63B02DDB6D9A0080D565 /* BooksTableViewCell.swift */; };
		7F5E63BB2E12BDC20080D565 /* Extensions.swift in Sources */ = {isa = PBXBuildFile; fileRef = 7F5E63BA2E12BDC20080D565 /* Extensions.swift */; };
		7F5E63E42E14100B0080D565 /* DataTransferService.swift in Sources */ = {isa = PBXBuildFile; fileRef = 7F5E63E32E14100B0080D565 /* DataTransferService.swift */; };
		EA335A5CF2FE92A3ED4AA043 /* Pods_FindMyBook.framework in Frameworks */ = {isa = PBXBuildFile; fileRef = 42D2E8CA6BD9FAB510588E60 /* Pods_FindMyBook.framework */; };
/* End PBXBuildFile section */

/* Begin PBXContainerItemProxy section */
		7F5E63702DD861F00080D565 /* PBXContainerItemProxy */ = {
			isa = PBXContainerItemProxy;
			containerPortal = 7F5E634E2DD861EE0080D565 /* Project object */;
			proxyType = 1;
			remoteGlobalIDString = 7F5E63552DD861EE0080D565;
			remoteInfo = FindMyBook;
		};
		7F5E637A2DD861F00080D565 /* PBXContainerItemProxy */ = {
			isa = PBXContainerItemProxy;
			containerPortal = 7F5E634E2DD861EE0080D565 /* Project object */;
			proxyType = 1;
			remoteGlobalIDString = 7F5E63552DD861EE0080D565;
			remoteInfo = FindMyBook;
		};
/* End PBXContainerItemProxy section */

/* Begin PBXFileReference section */
		42D2E8CA6BD9FAB510588E60 /* Pods_FindMyBook.framework */ = {isa = PBXFileReference; explicitFileType = wrapper.framework; includeInIndex = 0; path = Pods_FindMyBook.framework; sourceTree = BUILT_PRODUCTS_DIR; };
		4EC2986B4F28FD180A1D866E /* Pods_FindMyBook_FindMyBookUITests.framework */ = {isa = PBXFileReference; explicitFileType = wrapper.framework; includeInIndex = 0; path = Pods_FindMyBook_FindMyBookUITests.framework; sourceTree = BUILT_PRODUCTS_DIR; };
		4F9C682AAA7E59B83777CF48 /* Pods-FindMyBookTests.release.xcconfig */ = {isa = PBXFileReference; includeInIndex = 1; lastKnownFileType = text.xcconfig; name = "Pods-FindMyBookTests.release.xcconfig"; path = "Target Support Files/Pods-FindMyBookTests/Pods-FindMyBookTests.release.xcconfig"; sourceTree = "<group>"; };
		6CA250D482F2E1ACE78FD91A /* Pods-FindMyBook.release.xcconfig */ = {isa = PBXFileReference; includeInIndex = 1; lastKnownFileType = text.xcconfig; name = "Pods-FindMyBook.release.xcconfig"; path = "Target Support Files/Pods-FindMyBook/Pods-FindMyBook.release.xcconfig"; sourceTree = "<group>"; };
		7F24D0992E14151200D06F30 /* APIEndPoints.swift */ = {isa = PBXFileReference; lastKnownFileType = sourcecode.swift; path = APIEndPoints.swift; sourceTree = "<group>"; };
		7F24D09B2E141A6400D06F30 /* BooksHomeViewModel.swift */ = {isa = PBXFileReference; lastKnownFileType = sourcecode.swift; path = BooksHomeViewModel.swift; sourceTree = "<group>"; };
		7F24D0A32E16AD7800D06F30 /* BooksModel.swift */ = {isa = PBXFileReference; lastKnownFileType = sourcecode.swift; path = BooksModel.swift; sourceTree = "<group>"; };
		7F24D0AB2E16B62400D06F30 /* BooksRepository.swift */ = {isa = PBXFileReference; lastKnownFileType = sourcecode.swift; path = BooksRepository.swift; sourceTree = "<group>"; };
		7F24D0AD2E16BAE300D06F30 /* BooksUseCase.swift */ = {isa = PBXFileReference; lastKnownFileType = sourcecode.swift; path = BooksUseCase.swift; sourceTree = "<group>"; };
		7F24D0CC2E18E67100D06F30 /* BookDetailsViewController.swift */ = {isa = PBXFileReference; lastKnownFileType = sourcecode.swift; path = BookDetailsViewController.swift; sourceTree = "<group>"; };
		7F24D0D72E18EB2B00D06F30 /* BookDetailTopView.swift */ = {isa = PBXFileReference; lastKnownFileType = sourcecode.swift; path = BookDetailTopView.swift; sourceTree = "<group>"; };
		7F24D0DA2E18ED7300D06F30 /* BookDetailsBottomView.swift */ = {isa = PBXFileReference; lastKnownFileType = sourcecode.swift; path = BookDetailsBottomView.swift; sourceTree = "<group>"; };
		7F24D0E32E19656C00D06F30 /* BooksCoordinator.swift */ = {isa = PBXFileReference; lastKnownFileType = sourcecode.swift; path = BooksCoordinator.swift; sourceTree = "<group>"; };
		7F24D0EB2E1BAC1900D06F30 /* BookDetailsViewModel.swift */ = {isa = PBXFileReference; lastKnownFileType = sourcecode.swift; path = BookDetailsViewModel.swift; sourceTree = "<group>"; };
		7F24D0ED2E1BAD9E00D06F30 /* BookDetailsPageData.swift */ = {isa = PBXFileReference; lastKnownFileType = sourcecode.swift; path = BookDetailsPageData.swift; sourceTree = "<group>"; };
		7F24D0FB2E1E9B2500D06F30 /* FavoriteBooksModel.swift */ = {isa = PBXFileReference; lastKnownFileType = sourcecode.swift; path = FavoriteBooksModel.swift; sourceTree = "<group>"; };
		7F24D1032E1E9CD100D06F30 /* FavoriteStorage.swift */ = {isa = PBXFileReference; lastKnownFileType = sourcecode.swift; path = FavoriteStorage.swift; sourceTree = "<group>"; };
		7F24D1112E1EA5F700D06F30 /* FavoriteBooksViewController.swift */ = {isa = PBXFileReference; lastKnownFileType = sourcecode.swift; path = FavoriteBooksViewController.swift; sourceTree = "<group>"; };
		7F24D1132E1EA6DE00D06F30 /* FavoriteTableViewCell.swift */ = {isa = PBXFileReference; lastKnownFileType = sourcecode.swift; path = FavoriteTableViewCell.swift; sourceTree = "<group>"; };
		7F24D1152E1EA91000D06F30 /* FavoriteBooksViewModel.swift */ = {isa = PBXFileReference; lastKnownFileType = sourcecode.swift; path = FavoriteBooksViewModel.swift; sourceTree = "<group>"; };
		7F24D1172E20091500D06F30 /* ToastView.swift */ = {isa = PBXFileReference; lastKnownFileType = sourcecode.swift; path = ToastView.swift; sourceTree = "<group>"; };
		7F5E63562DD861EE0080D565 /* FindMyBook.app */ = {isa = PBXFileReference; explicitFileType = wrapper.application; includeInIndex = 0; path = FindMyBook.app; sourceTree = BUILT_PRODUCTS_DIR; };
		7F5E636F2DD861F00080D565 /* FindMyBookTests.xctest */ = {isa = PBXFileReference; explicitFileType = wrapper.cfbundle; includeInIndex = 0; path = FindMyBookTests.xctest; sourceTree = BUILT_PRODUCTS_DIR; };
		7F5E63792DD861F00080D565 /* FindMyBookUITests.xctest */ = {isa = PBXFileReference; explicitFileType = wrapper.cfbundle; includeInIndex = 0; path = FindMyBookUITests.xctest; sourceTree = BUILT_PRODUCTS_DIR; };
		7F5E638D2DD8622F0080D565 /* AppDelegate.swift */ = {isa = PBXFileReference; lastKnownFileType = sourcecode.swift; path = AppDelegate.swift; sourceTree = "<group>"; };
		7F5E638E2DD8622F0080D565 /* Assets.xcassets */ = {isa = PBXFileReference; lastKnownFileType = folder.assetcatalog; path = Assets.xcassets; sourceTree = "<group>"; };
		7F5E63902DD8622F0080D565 /* Info.plist */ = {isa = PBXFileReference; lastKnownFileType = text.plist.xml; path = Info.plist; sourceTree = "<group>"; };
		7F5E63912DD8622F0080D565 /* Base */ = {isa = PBXFileReference; lastKnownFileType = file.storyboard; name = Base; path = Base.lproj/LaunchScreen.storyboard; sourceTree = "<group>"; };
		7F5E63932DD8622F0080D565 /* SceneDelegate.swift */ = {isa = PBXFileReference; lastKnownFileType = sourcecode.swift; path = SceneDelegate.swift; sourceTree = "<group>"; };
		7F5E63942DD8622F0080D565 /* HomeViewController.swift */ = {isa = PBXFileReference; lastKnownFileType = sourcecode.swift; path = HomeViewController.swift; sourceTree = "<group>"; };
		7F5E63962DD8622F0080D565 /* FindMyBook.xcdatamodel */ = {isa = PBXFileReference; lastKnownFileType = wrapper.xcdatamodel; path = FindMyBook.xcdatamodel; sourceTree = "<group>"; };
		7F5E639E2DD862360080D565 /* FindMyBookTests.swift */ = {isa = PBXFileReference; lastKnownFileType = sourcecode.swift; path = FindMyBookTests.swift; sourceTree = "<group>"; };
		7F5E63A12DD8623A0080D565 /* FindMyBookUITests.swift */ = {isa = PBXFileReference; lastKnownFileType = sourcecode.swift; path = FindMyBookUITests.swift; sourceTree = "<group>"; };
		7F5E63A22DD8623A0080D565 /* FindMyBookUITestsLaunchTests.swift */ = {isa = PBXFileReference; lastKnownFileType = sourcecode.swift; path = FindMyBookUITestsLaunchTests.swift; sourceTree = "<group>"; };
		7F5E63AD2DD864210080D565 /* TabBarCorrdinator.swift */ = {isa = PBXFileReference; lastKnownFileType = sourcecode.swift; path = TabBarCorrdinator.swift; sourceTree = "<group>"; };
		7F5E63B02DDB6D9A0080D565 /* BooksTableViewCell.swift */ = {isa = PBXFileReference; lastKnownFileType = sourcecode.swift; path = BooksTableViewCell.swift; sourceTree = "<group>"; };
		7F5E63BA2E12BDC20080D565 /* Extensions.swift */ = {isa = PBXFileReference; lastKnownFileType = sourcecode.swift; path = Extensions.swift; sourceTree = "<group>"; };
		7F5E63E32E14100B0080D565 /* DataTransferService.swift */ = {isa = PBXFileReference; lastKnownFileType = sourcecode.swift; path = DataTransferService.swift; sourceTree = "<group>"; };
		7F73FFCEFFB1F8018D264965 /* Pods-FindMyBook-FindMyBookUITests.release.xcconfig */ = {isa = PBXFileReference; includeInIndex = 1; lastKnownFileType = text.xcconfig; name = "Pods-FindMyBook-FindMyBookUITests.release.xcconfig"; path = "Target Support Files/Pods-FindMyBook-FindMyBookUITests/Pods-FindMyBook-FindMyBookUITests.release.xcconfig"; sourceTree = "<group>"; };
		B25AD0384ED56C1EF8508606 /* Pods-FindMyBook-FindMyBookUITests.debug.xcconfig */ = {isa = PBXFileReference; includeInIndex = 1; lastKnownFileType = text.xcconfig; name = "Pods-FindMyBook-FindMyBookUITests.debug.xcconfig"; path = "Target Support Files/Pods-FindMyBook-FindMyBookUITests/Pods-FindMyBook-FindMyBookUITests.debug.xcconfig"; sourceTree = "<group>"; };
		B6EE97EC28FB73082D9EDBB2 /* Pods_FindMyBookTests.framework */ = {isa = PBXFileReference; explicitFileType = wrapper.framework; includeInIndex = 0; path = Pods_FindMyBookTests.framework; sourceTree = BUILT_PRODUCTS_DIR; };
		CA485EAC6A56DEB98FCC2721 /* Pods-FindMyBook.debug.xcconfig */ = {isa = PBXFileReference; includeInIndex = 1; lastKnownFileType = text.xcconfig; name = "Pods-FindMyBook.debug.xcconfig"; path = "Target Support Files/Pods-FindMyBook/Pods-FindMyBook.debug.xcconfig"; sourceTree = "<group>"; };
		DC5F9D1D6E712A290B860174 /* Pods-FindMyBookTests.debug.xcconfig */ = {isa = PBXFileReference; includeInIndex = 1; lastKnownFileType = text.xcconfig; name = "Pods-FindMyBookTests.debug.xcconfig"; path = "Target Support Files/Pods-FindMyBookTests/Pods-FindMyBookTests.debug.xcconfig"; sourceTree = "<group>"; };
/* End PBXFileReference section */

/* Begin PBXFrameworksBuildPhase section */
		7F5E63532DD861EE0080D565 /* Frameworks */ = {
			isa = PBXFrameworksBuildPhase;
			buildActionMask = 2147483647;
			files = (
				EA335A5CF2FE92A3ED4AA043 /* Pods_FindMyBook.framework in Frameworks */,
			);
			runOnlyForDeploymentPostprocessing = 0;
		};
		7F5E636C2DD861F00080D565 /* Frameworks */ = {
			isa = PBXFrameworksBuildPhase;
			buildActionMask = 2147483647;
			files = (
				1FF457F1529897BFE60E2269 /* Pods_FindMyBookTests.framework in Frameworks */,
			);
			runOnlyForDeploymentPostprocessing = 0;
		};
		7F5E63762DD861F00080D565 /* Frameworks */ = {
			isa = PBXFrameworksBuildPhase;
			buildActionMask = 2147483647;
			files = (
				29A6A4EABEA9FE327EED7593 /* Pods_FindMyBook_FindMyBookUITests.framework in Frameworks */,
			);
			runOnlyForDeploymentPostprocessing = 0;
		};
/* End PBXFrameworksBuildPhase section */

/* Begin PBXGroup section */
		03DCDB66D72A7E1DE32DB9AD /* Frameworks */ = {
			isa = PBXGroup;
			children = (
				42D2E8CA6BD9FAB510588E60 /* Pods_FindMyBook.framework */,
				4EC2986B4F28FD180A1D866E /* Pods_FindMyBook_FindMyBookUITests.framework */,
				B6EE97EC28FB73082D9EDBB2 /* Pods_FindMyBookTests.framework */,
			);
			name = Frameworks;
			sourceTree = "<group>";
		};
		1828D6DC2CD32EDEB66E19B9 /* Pods */ = {
			isa = PBXGroup;
			children = (
				CA485EAC6A56DEB98FCC2721 /* Pods-FindMyBook.debug.xcconfig */,
				6CA250D482F2E1ACE78FD91A /* Pods-FindMyBook.release.xcconfig */,
				B25AD0384ED56C1EF8508606 /* Pods-FindMyBook-FindMyBookUITests.debug.xcconfig */,
				7F73FFCEFFB1F8018D264965 /* Pods-FindMyBook-FindMyBookUITests.release.xcconfig */,
				DC5F9D1D6E712A290B860174 /* Pods-FindMyBookTests.debug.xcconfig */,
				4F9C682AAA7E59B83777CF48 /* Pods-FindMyBookTests.release.xcconfig */,
			);
			path = Pods;
			sourceTree = "<group>";
		};
		7F24D0982E14150400D06F30 /* EndPoints */ = {
			isa = PBXGroup;
			children = (
				7F24D0992E14151200D06F30 /* APIEndPoints.swift */,
			);
			path = EndPoints;
			sourceTree = "<group>";
		};
		7F24D0D82E18EB2B00D06F30 /* SubViews */ = {
			isa = PBXGroup;
			children = (
				7F24D0D72E18EB2B00D06F30 /* BookDetailTopView.swift */,
				7F24D0DA2E18ED7300D06F30 /* BookDetailsBottomView.swift */,
			);
			path = SubViews;
			sourceTree = "<group>";
		};
		7F24D0E22E19650000D06F30 /* New Group */ = {
			isa = PBXGroup;
			children = (
			);
			path = "New Group";
			sourceTree = "<group>";
		};
		7F24D1192E20092A00D06F30 /* Animation */ = {
			isa = PBXGroup;
			children = (
				7F24D1172E20091500D06F30 /* ToastView.swift */,
			);
			path = Animation;
			sourceTree = "<group>";
		};
		7F5E634D2DD861EE0080D565 = {
			isa = PBXGroup;
			children = (
				7F5E63952DD8622F0080D565 /* FindMyBook */,
				7F5E639F2DD862360080D565 /* FindMyBookTests */,
				7F5E63A32DD8623A0080D565 /* FindMyBookUITests */,
				7F5E63572DD861EE0080D565 /* Products */,
				1828D6DC2CD32EDEB66E19B9 /* Pods */,
				03DCDB66D72A7E1DE32DB9AD /* Frameworks */,
			);
			sourceTree = "<group>";
		};
		7F5E63572DD861EE0080D565 /* Products */ = {
			isa = PBXGroup;
			children = (
				7F5E63562DD861EE0080D565 /* FindMyBook.app */,
				7F5E636F2DD861F00080D565 /* FindMyBookTests.xctest */,
				7F5E63792DD861F00080D565 /* FindMyBookUITests.xctest */,
			);
			name = Products;
			sourceTree = "<group>";
		};
		7F5E63952DD8622F0080D565 /* FindMyBook */ = {
			isa = PBXGroup;
			children = (
				7F24D0E22E19650000D06F30 /* New Group */,
				7F5E638D2DD8622F0080D565 /* AppDelegate.swift */,
				7F5E63902DD8622F0080D565 /* Info.plist */,
				7F5E63922DD8622F0080D565 /* LaunchScreen.storyboard */,
				7F5E63932DD8622F0080D565 /* SceneDelegate.swift */,
				7F5E63E02E140EE60080D565 /* Presentation */,
				7F5E63DD2E140E830080D565 /* Data */,
				7F5E63DA2E140E3D0080D565 /* Domain */,
				7F5E63AC2DD8640A0080D565 /* Coordinators */,
				7F5E63C52E12D3E10080D565 /* Extensions */,
				7F24D1192E20092A00D06F30 /* Animation */,
				7F5E63C82E12D4810080D565 /* CoreData */,
				7F5E63C72E12D4660080D565 /* Resource */,
			);
			path = FindMyBook;
			sourceTree = "<group>";
		};
		7F5E639F2DD862360080D565 /* FindMyBookTests */ = {
			isa = PBXGroup;
			children = (
				7F5E639E2DD862360080D565 /* FindMyBookTests.swift */,
			);
			path = FindMyBookTests;
			sourceTree = "<group>";
		};
		7F5E63A32DD8623A0080D565 /* FindMyBookUITests */ = {
			isa = PBXGroup;
			children = (
				7F5E63A12DD8623A0080D565 /* FindMyBookUITests.swift */,
				7F5E63A22DD8623A0080D565 /* FindMyBookUITestsLaunchTests.swift */,
			);
			path = FindMyBookUITests;
			sourceTree = "<group>";
		};
		7F5E63AC2DD8640A0080D565 /* Coordinators */ = {
			isa = PBXGroup;
			children = (
				7F5E63AD2DD864210080D565 /* TabBarCorrdinator.swift */,
				7F24D0E32E19656C00D06F30 /* BooksCoordinator.swift */,
			);
			path = Coordinators;
			sourceTree = "<group>";
		};
		7F5E63C52E12D3E10080D565 /* Extensions */ = {
			isa = PBXGroup;
			children = (
				7F5E63BA2E12BDC20080D565 /* Extensions.swift */,
			);
			path = Extensions;
			sourceTree = "<group>";
		};
		7F5E63C62E12D4070080D565 /* TableViewCell */ = {
			isa = PBXGroup;
			children = (
				7F5E63B02DDB6D9A0080D565 /* BooksTableViewCell.swift */,
				7F24D1132E1EA6DE00D06F30 /* FavoriteTableViewCell.swift */,
			);
			path = TableViewCell;
			sourceTree = "<group>";
		};
		7F5E63C72E12D4660080D565 /* Resource */ = {
			isa = PBXGroup;
			children = (
				7F5E638E2DD8622F0080D565 /* Assets.xcassets */,
			);
			path = Resource;
			sourceTree = "<group>";
		};
		7F5E63C82E12D4810080D565 /* CoreData */ = {
			isa = PBXGroup;
			children = (
				7F5E638F2DD8622F0080D565 /* FindMyBook.xcdatamodeld */,
			);
			path = CoreData;
			sourceTree = "<group>";
		};
		7F5E63DA2E140E3D0080D565 /* Domain */ = {
			isa = PBXGroup;
			children = (
				7F5E63DC2E140E750080D565 /* UseCase */,
				7F5E63DB2E140E5E0080D565 /* Entities */,
			);
			path = Domain;
			sourceTree = "<group>";
		};
		7F5E63DB2E140E5E0080D565 /* Entities */ = {
			isa = PBXGroup;
			children = (
				7F24D0A32E16AD7800D06F30 /* BooksModel.swift */,
				7F24D0ED2E1BAD9E00D06F30 /* BookDetailsPageData.swift */,
				7F24D0FB2E1E9B2500D06F30 /* FavoriteBooksModel.swift */,
			);
			path = Entities;
			sourceTree = "<group>";
		};
		7F5E63DC2E140E750080D565 /* UseCase */ = {
			isa = PBXGroup;
			children = (
				7F24D0AD2E16BAE300D06F30 /* BooksUseCase.swift */,
			);
			path = UseCase;
			sourceTree = "<group>";
		};
		7F5E63DD2E140E830080D565 /* Data */ = {
			isa = PBXGroup;
			children = (
				7F24D0982E14150400D06F30 /* EndPoints */,
				7F5E63DF2E140ECD0080D565 /* Repositories */,
				7F5E63DE2E140EC40080D565 /* NetworkManager */,
			);
			path = Data;
			sourceTree = "<group>";
		};
		7F5E63DE2E140EC40080D565 /* NetworkManager */ = {
			isa = PBXGroup;
			children = (
				7F5E63E32E14100B0080D565 /* DataTransferService.swift */,
			);
			path = NetworkManager;
			sourceTree = "<group>";
		};
		7F5E63DF2E140ECD0080D565 /* Repositories */ = {
			isa = PBXGroup;
			children = (
				7F24D0AB2E16B62400D06F30 /* BooksRepository.swift */,
				7F24D1032E1E9CD100D06F30 /* FavoriteStorage.swift */,
			);
			path = Repositories;
			sourceTree = "<group>";
		};
		7F5E63E02E140EE60080D565 /* Presentation */ = {
			isa = PBXGroup;
			children = (
				7F5E63E22E140F280080D565 /* Views */,
				7F5E63E12E140F190080D565 /* ViewModels */,
			);
			path = Presentation;
			sourceTree = "<group>";
		};
		7F5E63E12E140F190080D565 /* ViewModels */ = {
			isa = PBXGroup;
			children = (
				7F24D09B2E141A6400D06F30 /* BooksHomeViewModel.swift */,
				7F24D0EB2E1BAC1900D06F30 /* BookDetailsViewModel.swift */,
				7F24D1152E1EA91000D06F30 /* FavoriteBooksViewModel.swift */,
			);
			path = ViewModels;
			sourceTree = "<group>";
		};
		7F5E63E22E140F280080D565 /* Views */ = {
			isa = PBXGroup;
			children = (
				7F5E63942DD8622F0080D565 /* HomeViewController.swift */,
				7F24D0CC2E18E67100D06F30 /* BookDetailsViewController.swift */,
				7F24D1112E1EA5F700D06F30 /* FavoriteBooksViewController.swift */,
				7F24D0D82E18EB2B00D06F30 /* SubViews */,
				7F5E63C62E12D4070080D565 /* TableViewCell */,
			);
			path = Views;
			sourceTree = "<group>";
		};
/* End PBXGroup section */

/* Begin PBXNativeTarget section */
		7F5E63552DD861EE0080D565 /* FindMyBook */ = {
			isa = PBXNativeTarget;
			buildConfigurationList = 7F5E63822DD861F00080D565 /* Build configuration list for PBXNativeTarget "FindMyBook" */;
			buildPhases = (
				EBD45D36219CB39886FD550C /* [CP] Check Pods Manifest.lock */,
				7F5E63522DD861EE0080D565 /* Sources */,
				7F5E63532DD861EE0080D565 /* Frameworks */,
				7F5E63542DD861EE0080D565 /* Resources */,
			);
			buildRules = (
			);
			dependencies = (
			);
			name = FindMyBook;
			productName = FindMyBook;
			productReference = 7F5E63562DD861EE0080D565 /* FindMyBook.app */;
			productType = "com.apple.product-type.application";
		};
		7F5E636E2DD861F00080D565 /* FindMyBookTests */ = {
			isa = PBXNativeTarget;
			buildConfigurationList = 7F5E63872DD861F00080D565 /* Build configuration list for PBXNativeTarget "FindMyBookTests" */;
			buildPhases = (
				C0ED81BABE9B52800973127B /* [CP] Check Pods Manifest.lock */,
				7F5E636B2DD861F00080D565 /* Sources */,
				7F5E636C2DD861F00080D565 /* Frameworks */,
				7F5E636D2DD861F00080D565 /* Resources */,
			);
			buildRules = (
			);
			dependencies = (
				7F5E63712DD861F00080D565 /* PBXTargetDependency */,
			);
			name = FindMyBookTests;
			productName = FindMyBookTests;
			productReference = 7F5E636F2DD861F00080D565 /* FindMyBookTests.xctest */;
			productType = "com.apple.product-type.bundle.unit-test";
		};
		7F5E63782DD861F00080D565 /* FindMyBookUITests */ = {
			isa = PBXNativeTarget;
			buildConfigurationList = 7F5E638A2DD861F00080D565 /* Build configuration list for PBXNativeTarget "FindMyBookUITests" */;
			buildPhases = (
				87133E50AD425BB9DFBC14FE /* [CP] Check Pods Manifest.lock */,
				7F5E63752DD861F00080D565 /* Sources */,
				7F5E63762DD861F00080D565 /* Frameworks */,
				7F5E63772DD861F00080D565 /* Resources */,
			);
			buildRules = (
			);
			dependencies = (
				7F5E637B2DD861F00080D565 /* PBXTargetDependency */,
			);
			name = FindMyBookUITests;
			productName = FindMyBookUITests;
			productReference = 7F5E63792DD861F00080D565 /* FindMyBookUITests.xctest */;
			productType = "com.apple.product-type.bundle.ui-testing";
		};
/* End PBXNativeTarget section */

/* Begin PBXProject section */
		7F5E634E2DD861EE0080D565 /* Project object */ = {
			isa = PBXProject;
			attributes = {
				BuildIndependentTargetsInParallel = 1;
				LastSwiftUpdateCheck = 1610;
				LastUpgradeCheck = 1610;
				TargetAttributes = {
					7F5E63552DD861EE0080D565 = {
						CreatedOnToolsVersion = 16.1;
					};
					7F5E636E2DD861F00080D565 = {
						CreatedOnToolsVersion = 16.1;
						TestTargetID = 7F5E63552DD861EE0080D565;
					};
					7F5E63782DD861F00080D565 = {
						CreatedOnToolsVersion = 16.1;
						TestTargetID = 7F5E63552DD861EE0080D565;
					};
				};
			};
			buildConfigurationList = 7F5E63512DD861EE0080D565 /* Build configuration list for PBXProject "FindMyBook" */;
			developmentRegion = en;
			hasScannedForEncodings = 0;
			knownRegions = (
				en,
				Base,
			);
			mainGroup = 7F5E634D2DD861EE0080D565;
			minimizedProjectReferenceProxies = 1;
			preferredProjectObjectVersion = 77;
			productRefGroup = 7F5E63572DD861EE0080D565 /* Products */;
			projectDirPath = "";
			projectRoot = "";
			targets = (
				7F5E63552DD861EE0080D565 /* FindMyBook */,
				7F5E636E2DD861F00080D565 /* FindMyBookTests */,
				7F5E63782DD861F00080D565 /* FindMyBookUITests */,
			);
		};
/* End PBXProject section */

/* Begin PBXResourcesBuildPhase section */
		7F5E63542DD861EE0080D565 /* Resources */ = {
			isa = PBXResourcesBuildPhase;
			buildActionMask = 2147483647;
			files = (
				7F5E639B2DD8622F0080D565 /* Assets.xcassets in Resources */,
				7F5E639D2DD8622F0080D565 /* LaunchScreen.storyboard in Resources */,
			);
			runOnlyForDeploymentPostprocessing = 0;
		};
		7F5E636D2DD861F00080D565 /* Resources */ = {
			isa = PBXResourcesBuildPhase;
			buildActionMask = 2147483647;
			files = (
			);
			runOnlyForDeploymentPostprocessing = 0;
		};
		7F5E63772DD861F00080D565 /* Resources */ = {
			isa = PBXResourcesBuildPhase;
			buildActionMask = 2147483647;
			files = (
			);
			runOnlyForDeploymentPostprocessing = 0;
		};
/* End PBXResourcesBuildPhase section */

/* Begin PBXShellScriptBuildPhase section */
		87133E50AD425BB9DFBC14FE /* [CP] Check Pods Manifest.lock */ = {
			isa = PBXShellScriptBuildPhase;
			buildActionMask = 2147483647;
			files = (
			);
			inputFileListPaths = (
			);
			inputPaths = (
				"${PODS_PODFILE_DIR_PATH}/Podfile.lock",
				"${PODS_ROOT}/Manifest.lock",
			);
			name = "[CP] Check Pods Manifest.lock";
			outputFileListPaths = (
			);
			outputPaths = (
				"$(DERIVED_FILE_DIR)/Pods-FindMyBook-FindMyBookUITests-checkManifestLockResult.txt",
			);
			runOnlyForDeploymentPostprocessing = 0;
			shellPath = /bin/sh;
			shellScript = "diff \"${PODS_PODFILE_DIR_PATH}/Podfile.lock\" \"${PODS_ROOT}/Manifest.lock\" > /dev/null\nif [ $? != 0 ] ; then\n    # print error to STDERR\n    echo \"error: The sandbox is not in sync with the Podfile.lock. Run 'pod install' or update your CocoaPods installation.\" >&2\n    exit 1\nfi\n# This output is used by Xcode 'outputs' to avoid re-running this script phase.\necho \"SUCCESS\" > \"${SCRIPT_OUTPUT_FILE_0}\"\n";
			showEnvVarsInLog = 0;
		};
		C0ED81BABE9B52800973127B /* [CP] Check Pods Manifest.lock */ = {
			isa = PBXShellScriptBuildPhase;
			buildActionMask = 2147483647;
			files = (
			);
			inputFileListPaths = (
			);
			inputPaths = (
				"${PODS_PODFILE_DIR_PATH}/Podfile.lock",
				"${PODS_ROOT}/Manifest.lock",
			);
			name = "[CP] Check Pods Manifest.lock";
			outputFileListPaths = (
			);
			outputPaths = (
				"$(DERIVED_FILE_DIR)/Pods-FindMyBookTests-checkManifestLockResult.txt",
			);
			runOnlyForDeploymentPostprocessing = 0;
			shellPath = /bin/sh;
			shellScript = "diff \"${PODS_PODFILE_DIR_PATH}/Podfile.lock\" \"${PODS_ROOT}/Manifest.lock\" > /dev/null\nif [ $? != 0 ] ; then\n    # print error to STDERR\n    echo \"error: The sandbox is not in sync with the Podfile.lock. Run 'pod install' or update your CocoaPods installation.\" >&2\n    exit 1\nfi\n# This output is used by Xcode 'outputs' to avoid re-running this script phase.\necho \"SUCCESS\" > \"${SCRIPT_OUTPUT_FILE_0}\"\n";
			showEnvVarsInLog = 0;
		};
		EBD45D36219CB39886FD550C /* [CP] Check Pods Manifest.lock */ = {
			isa = PBXShellScriptBuildPhase;
			buildActionMask = 2147483647;
			files = (
			);
			inputFileListPaths = (
			);
			inputPaths = (
				"${PODS_PODFILE_DIR_PATH}/Podfile.lock",
				"${PODS_ROOT}/Manifest.lock",
			);
			name = "[CP] Check Pods Manifest.lock";
			outputFileListPaths = (
			);
			outputPaths = (
				"$(DERIVED_FILE_DIR)/Pods-FindMyBook-checkManifestLockResult.txt",
			);
			runOnlyForDeploymentPostprocessing = 0;
			shellPath = /bin/sh;
			shellScript = "diff \"${PODS_PODFILE_DIR_PATH}/Podfile.lock\" \"${PODS_ROOT}/Manifest.lock\" > /dev/null\nif [ $? != 0 ] ; then\n    # print error to STDERR\n    echo \"error: The sandbox is not in sync with the Podfile.lock. Run 'pod install' or update your CocoaPods installation.\" >&2\n    exit 1\nfi\n# This output is used by Xcode 'outputs' to avoid re-running this script phase.\necho \"SUCCESS\" > \"${SCRIPT_OUTPUT_FILE_0}\"\n";
			showEnvVarsInLog = 0;
		};
/* End PBXShellScriptBuildPhase section */

/* Begin PBXSourcesBuildPhase section */
		7F5E63522DD861EE0080D565 /* Sources */ = {
			isa = PBXSourcesBuildPhase;
			buildActionMask = 2147483647;
			files = (
				7F5E63B12DDB6D9A0080D565 /* BooksTableViewCell.swift in Sources */,
				7F5E63BB2E12BDC20080D565 /* Extensions.swift in Sources */,
				7F5E63972DD8622F0080D565 /* AppDelegate.swift in Sources */,
				7F24D09A2E14151200D06F30 /* APIEndPoints.swift in Sources */,
				7F24D0A42E16AD7800D06F30 /* BooksModel.swift in Sources */,
				7F5E63E42E14100B0080D565 /* DataTransferService.swift in Sources */,
				7F24D0E42E19656C00D06F30 /* BooksCoordinator.swift in Sources */,
				7F24D0EE2E1BAD9E00D06F30 /* BookDetailsPageData.swift in Sources */,
				7F5E63982DD8622F0080D565 /* FindMyBook.xcdatamodeld in Sources */,
				7F24D0DB2E18ED7300D06F30 /* BookDetailsBottomView.swift in Sources */,
				7F24D0FC2E1E9B2500D06F30 /* FavoriteBooksModel.swift in Sources */,
				7F5E63992DD8622F0080D565 /* SceneDelegate.swift in Sources */,
				7F5E63AE2DD864210080D565 /* TabBarCorrdinator.swift in Sources */,
				7F24D1142E1EA6DE00D06F30 /* FavoriteTableViewCell.swift in Sources */,
				7F24D1182E20091500D06F30 /* ToastView.swift in Sources */,
				7F24D0D92E18EB2B00D06F30 /* BookDetailTopView.swift in Sources */,
				7F24D0EC2E1BAC1900D06F30 /* BookDetailsViewModel.swift in Sources */,
				7F24D1042E1E9CD100D06F30 /* FavoriteStorage.swift in Sources */,
				7F24D1162E1EA91000D06F30 /* FavoriteBooksViewModel.swift in Sources */,
				7F24D09C2E141A6400D06F30 /* BooksHomeViewModel.swift in Sources */,
				7F24D0CD2E18E67100D06F30 /* BookDetailsViewController.swift in Sources */,
				7F24D0AC2E16B62400D06F30 /* BooksRepository.swift in Sources */,
				7F24D1122E1EA5F700D06F30 /* FavoriteBooksViewController.swift in Sources */,
				7F5E639A2DD8622F0080D565 /* HomeViewController.swift in Sources */,
				7F24D0AE2E16BAE300D06F30 /* BooksUseCase.swift in Sources */,
			);
			runOnlyForDeploymentPostprocessing = 0;
		};
		7F5E636B2DD861F00080D565 /* Sources */ = {
			isa = PBXSourcesBuildPhase;
			buildActionMask = 2147483647;
			files = (
				7F5E63A02DD862360080D565 /* FindMyBookTests.swift in Sources */,
			);
			runOnlyForDeploymentPostprocessing = 0;
		};
		7F5E63752DD861F00080D565 /* Sources */ = {
			isa = PBXSourcesBuildPhase;
			buildActionMask = 2147483647;
			files = (
				7F5E63A42DD8623A0080D565 /* FindMyBookUITests.swift in Sources */,
				7F5E63A52DD8623A0080D565 /* FindMyBookUITestsLaunchTests.swift in Sources */,
			);
			runOnlyForDeploymentPostprocessing = 0;
		};
/* End PBXSourcesBuildPhase section */

/* Begin PBXTargetDependency section */
		7F5E63712DD861F00080D565 /* PBXTargetDependency */ = {
			isa = PBXTargetDependency;
			target = 7F5E63552DD861EE0080D565 /* FindMyBook */;
			targetProxy = 7F5E63702DD861F00080D565 /* PBXContainerItemProxy */;
		};
		7F5E637B2DD861F00080D565 /* PBXTargetDependency */ = {
			isa = PBXTargetDependency;
			target = 7F5E63552DD861EE0080D565 /* FindMyBook */;
			targetProxy = 7F5E637A2DD861F00080D565 /* PBXContainerItemProxy */;
		};
/* End PBXTargetDependency section */

/* Begin PBXVariantGroup section */
		7F5E63922DD8622F0080D565 /* LaunchScreen.storyboard */ = {
			isa = PBXVariantGroup;
			children = (
				7F5E63912DD8622F0080D565 /* Base */,
			);
			name = LaunchScreen.storyboard;
			sourceTree = "<group>";
		};
/* End PBXVariantGroup section */

/* Begin XCBuildConfiguration section */
		7F5E63832DD861F00080D565 /* Debug */ = {
			isa = XCBuildConfiguration;
			baseConfigurationReference = CA485EAC6A56DEB98FCC2721 /* Pods-FindMyBook.debug.xcconfig */;
			buildSettings = {
				ASSETCATALOG_COMPILER_APPICON_NAME = AppIcon;
				ASSETCATALOG_COMPILER_GLOBAL_ACCENT_COLOR_NAME = AccentColor;
				CODE_SIGN_STYLE = Automatic;
				CURRENT_PROJECT_VERSION = 1;
				GENERATE_INFOPLIST_FILE = YES;
				INFOPLIST_FILE = FindMyBook/Info.plist;
				INFOPLIST_KEY_UIApplicationSupportsIndirectInputEvents = YES;
				INFOPLIST_KEY_UILaunchStoryboardName = LaunchScreen;
				INFOPLIST_KEY_UISupportedInterfaceOrientations_iPad = "UIInterfaceOrientationPortrait UIInterfaceOrientationPortraitUpsideDown UIInterfaceOrientationLandscapeLeft UIInterfaceOrientationLandscapeRight";
				INFOPLIST_KEY_UISupportedInterfaceOrientations_iPhone = "UIInterfaceOrientationPortrait UIInterfaceOrientationLandscapeLeft UIInterfaceOrientationLandscapeRight";
				LD_RUNPATH_SEARCH_PATHS = (
					"$(inherited)",
					"@executable_path/Frameworks",
				);
				MARKETING_VERSION = 1.0;
				PRODUCT_BUNDLE_IDENTIFIER = com.gokul.FindMyBook;
				PRODUCT_NAME = "$(TARGET_NAME)";
				SWIFT_EMIT_LOC_STRINGS = YES;
				SWIFT_VERSION = 5.0;
				TARGETED_DEVICE_FAMILY = "1,2";
			};
			name = Debug;
		};
		7F5E63842DD861F00080D565 /* Release */ = {
			isa = XCBuildConfiguration;
			baseConfigurationReference = 6CA250D482F2E1ACE78FD91A /* Pods-FindMyBook.release.xcconfig */;
			buildSettings = {
				ASSETCATALOG_COMPILER_APPICON_NAME = AppIcon;
				ASSETCATALOG_COMPILER_GLOBAL_ACCENT_COLOR_NAME = AccentColor;
				CODE_SIGN_STYLE = Automatic;
				CURRENT_PROJECT_VERSION = 1;
				GENERATE_INFOPLIST_FILE = YES;
				INFOPLIST_FILE = FindMyBook/Info.plist;
				INFOPLIST_KEY_UIApplicationSupportsIndirectInputEvents = YES;
				INFOPLIST_KEY_UILaunchStoryboardName = LaunchScreen;
				INFOPLIST_KEY_UISupportedInterfaceOrientations_iPad = "UIInterfaceOrientationPortrait UIInterfaceOrientationPortraitUpsideDown UIInterfaceOrientationLandscapeLeft UIInterfaceOrientationLandscapeRight";
				INFOPLIST_KEY_UISupportedInterfaceOrientations_iPhone = "UIInterfaceOrientationPortrait UIInterfaceOrientationLandscapeLeft UIInterfaceOrientationLandscapeRight";
				LD_RUNPATH_SEARCH_PATHS = (
					"$(inherited)",
					"@executable_path/Frameworks",
				);
				MARKETING_VERSION = 1.0;
				PRODUCT_BUNDLE_IDENTIFIER = com.gokul.FindMyBook;
				PRODUCT_NAME = "$(TARGET_NAME)";
				SWIFT_EMIT_LOC_STRINGS = YES;
				SWIFT_VERSION = 5.0;
				TARGETED_DEVICE_FAMILY = "1,2";
			};
			name = Release;
		};
		7F5E63852DD861F00080D565 /* Debug */ = {
			isa = XCBuildConfiguration;
			buildSettings = {
				ALWAYS_SEARCH_USER_PATHS = NO;
				ASSETCATALOG_COMPILER_GENERATE_SWIFT_ASSET_SYMBOL_EXTENSIONS = YES;
				CLANG_ANALYZER_NONNULL = YES;
				CLANG_ANALYZER_NUMBER_OBJECT_CONVERSION = YES_AGGRESSIVE;
				CLANG_CXX_LANGUAGE_STANDARD = "gnu++20";
				CLANG_ENABLE_MODULES = YES;
				CLANG_ENABLE_OBJC_ARC = YES;
				CLANG_ENABLE_OBJC_WEAK = YES;
				CLANG_WARN_BLOCK_CAPTURE_AUTORELEASING = YES;
				CLANG_WARN_BOOL_CONVERSION = YES;
				CLANG_WARN_COMMA = YES;
				CLANG_WARN_CONSTANT_CONVERSION = YES;
				CLANG_WARN_DEPRECATED_OBJC_IMPLEMENTATIONS = YES;
				CLANG_WARN_DIRECT_OBJC_ISA_USAGE = YES_ERROR;
				CLANG_WARN_DOCUMENTATION_COMMENTS = YES;
				CLANG_WARN_EMPTY_BODY = YES;
				CLANG_WARN_ENUM_CONVERSION = YES;
				CLANG_WARN_INFINITE_RECURSION = YES;
				CLANG_WARN_INT_CONVERSION = YES;
				CLANG_WARN_NON_LITERAL_NULL_CONVERSION = YES;
				CLANG_WARN_OBJC_IMPLICIT_RETAIN_SELF = YES;
				CLANG_WARN_OBJC_LITERAL_CONVERSION = YES;
				CLANG_WARN_OBJC_ROOT_CLASS = YES_ERROR;
				CLANG_WARN_QUOTED_INCLUDE_IN_FRAMEWORK_HEADER = YES;
				CLANG_WARN_RANGE_LOOP_ANALYSIS = YES;
				CLANG_WARN_STRICT_PROTOTYPES = YES;
				CLANG_WARN_SUSPICIOUS_MOVE = YES;
				CLANG_WARN_UNGUARDED_AVAILABILITY = YES_AGGRESSIVE;
				CLANG_WARN_UNREACHABLE_CODE = YES;
				CLANG_WARN__DUPLICATE_METHOD_MATCH = YES;
				COPY_PHASE_STRIP = NO;
				DEBUG_INFORMATION_FORMAT = dwarf;
				ENABLE_STRICT_OBJC_MSGSEND = YES;
				ENABLE_TESTABILITY = YES;
				ENABLE_USER_SCRIPT_SANDBOXING = YES;
				GCC_C_LANGUAGE_STANDARD = gnu17;
				GCC_DYNAMIC_NO_PIC = NO;
				GCC_NO_COMMON_BLOCKS = YES;
				GCC_OPTIMIZATION_LEVEL = 0;
				GCC_PREPROCESSOR_DEFINITIONS = (
					"DEBUG=1",
					"$(inherited)",
				);
				GCC_WARN_64_TO_32_BIT_CONVERSION = YES;
				GCC_WARN_ABOUT_RETURN_TYPE = YES_ERROR;
				GCC_WARN_UNDECLARED_SELECTOR = YES;
				GCC_WARN_UNINITIALIZED_AUTOS = YES_AGGRESSIVE;
				GCC_WARN_UNUSED_FUNCTION = YES;
				GCC_WARN_UNUSED_VARIABLE = YES;
				IPHONEOS_DEPLOYMENT_TARGET = 18.1;
				LOCALIZATION_PREFERS_STRING_CATALOGS = YES;
				MTL_ENABLE_DEBUG_INFO = INCLUDE_SOURCE;
				MTL_FAST_MATH = YES;
				ONLY_ACTIVE_ARCH = YES;
				SDKROOT = iphoneos;
				SWIFT_ACTIVE_COMPILATION_CONDITIONS = "DEBUG $(inherited)";
				SWIFT_OPTIMIZATION_LEVEL = "-Onone";
			};
			name = Debug;
		};
		7F5E63862DD861F00080D565 /* Release */ = {
			isa = XCBuildConfiguration;
			buildSettings = {
				ALWAYS_SEARCH_USER_PATHS = NO;
				ASSETCATALOG_COMPILER_GENERATE_SWIFT_ASSET_SYMBOL_EXTENSIONS = YES;
				CLANG_ANALYZER_NONNULL = YES;
				CLANG_ANALYZER_NUMBER_OBJECT_CONVERSION = YES_AGGRESSIVE;
				CLANG_CXX_LANGUAGE_STANDARD = "gnu++20";
				CLANG_ENABLE_MODULES = YES;
				CLANG_ENABLE_OBJC_ARC = YES;
				CLANG_ENABLE_OBJC_WEAK = YES;
				CLANG_WARN_BLOCK_CAPTURE_AUTORELEASING = YES;
				CLANG_WARN_BOOL_CONVERSION = YES;
				CLANG_WARN_COMMA = YES;
				CLANG_WARN_CONSTANT_CONVERSION = YES;
				CLANG_WARN_DEPRECATED_OBJC_IMPLEMENTATIONS = YES;
				CLANG_WARN_DIRECT_OBJC_ISA_USAGE = YES_ERROR;
				CLANG_WARN_DOCUMENTATION_COMMENTS = YES;
				CLANG_WARN_EMPTY_BODY = YES;
				CLANG_WARN_ENUM_CONVERSION = YES;
				CLANG_WARN_INFINITE_RECURSION = YES;
				CLANG_WARN_INT_CONVERSION = YES;
				CLANG_WARN_NON_LITERAL_NULL_CONVERSION = YES;
				CLANG_WARN_OBJC_IMPLICIT_RETAIN_SELF = YES;
				CLANG_WARN_OBJC_LITERAL_CONVERSION = YES;
				CLANG_WARN_OBJC_ROOT_CLASS = YES_ERROR;
				CLANG_WARN_QUOTED_INCLUDE_IN_FRAMEWORK_HEADER = YES;
				CLANG_WARN_RANGE_LOOP_ANALYSIS = YES;
				CLANG_WARN_STRICT_PROTOTYPES = YES;
				CLANG_WARN_SUSPICIOUS_MOVE = YES;
				CLANG_WARN_UNGUARDED_AVAILABILITY = YES_AGGRESSIVE;
				CLANG_WARN_UNREACHABLE_CODE = YES;
				CLANG_WARN__DUPLICATE_METHOD_MATCH = YES;
				COPY_PHASE_STRIP = NO;
				DEBUG_INFORMATION_FORMAT = "dwarf-with-dsym";
				ENABLE_NS_ASSERTIONS = NO;
				ENABLE_STRICT_OBJC_MSGSEND = YES;
				ENABLE_USER_SCRIPT_SANDBOXING = YES;
				GCC_C_LANGUAGE_STANDARD = gnu17;
				GCC_NO_COMMON_BLOCKS = YES;
				GCC_WARN_64_TO_32_BIT_CONVERSION = YES;
				GCC_WARN_ABOUT_RETURN_TYPE = YES_ERROR;
				GCC_WARN_UNDECLARED_SELECTOR = YES;
				GCC_WARN_UNINITIALIZED_AUTOS = YES_AGGRESSIVE;
				GCC_WARN_UNUSED_FUNCTION = YES;
				GCC_WARN_UNUSED_VARIABLE = YES;
				IPHONEOS_DEPLOYMENT_TARGET = 18.1;
				LOCALIZATION_PREFERS_STRING_CATALOGS = YES;
				MTL_ENABLE_DEBUG_INFO = NO;
				MTL_FAST_MATH = YES;
				SDKROOT = iphoneos;
				SWIFT_COMPILATION_MODE = wholemodule;
				VALIDATE_PRODUCT = YES;
			};
			name = Release;
		};
		7F5E63882DD861F00080D565 /* Debug */ = {
			isa = XCBuildConfiguration;
			baseConfigurationReference = DC5F9D1D6E712A290B860174 /* Pods-FindMyBookTests.debug.xcconfig */;
			buildSettings = {
				BUNDLE_LOADER = "$(TEST_HOST)";
				CODE_SIGN_STYLE = Automatic;
				CURRENT_PROJECT_VERSION = 1;
				GENERATE_INFOPLIST_FILE = YES;
				IPHONEOS_DEPLOYMENT_TARGET = 18.1;
				MARKETING_VERSION = 1.0;
				PRODUCT_BUNDLE_IDENTIFIER = com.gokul.FindMyBookTests;
				PRODUCT_NAME = "$(TARGET_NAME)";
				SWIFT_EMIT_LOC_STRINGS = NO;
				SWIFT_VERSION = 5.0;
				TARGETED_DEVICE_FAMILY = "1,2";
				TEST_HOST = "$(BUILT_PRODUCTS_DIR)/FindMyBook.app/$(BUNDLE_EXECUTABLE_FOLDER_PATH)/FindMyBook";
			};
			name = Debug;
		};
		7F5E63892DD861F00080D565 /* Release */ = {
			isa = XCBuildConfiguration;
			baseConfigurationReference = 4F9C682AAA7E59B83777CF48 /* Pods-FindMyBookTests.release.xcconfig */;
			buildSettings = {
				BUNDLE_LOADER = "$(TEST_HOST)";
				CODE_SIGN_STYLE = Automatic;
				CURRENT_PROJECT_VERSION = 1;
				GENERATE_INFOPLIST_FILE = YES;
				IPHONEOS_DEPLOYMENT_TARGET = 18.1;
				MARKETING_VERSION = 1.0;
				PRODUCT_BUNDLE_IDENTIFIER = com.gokul.FindMyBookTests;
				PRODUCT_NAME = "$(TARGET_NAME)";
				SWIFT_EMIT_LOC_STRINGS = NO;
				SWIFT_VERSION = 5.0;
				TARGETED_DEVICE_FAMILY = "1,2";
				TEST_HOST = "$(BUILT_PRODUCTS_DIR)/FindMyBook.app/$(BUNDLE_EXECUTABLE_FOLDER_PATH)/FindMyBook";
			};
			name = Release;
		};
		7F5E638B2DD861F00080D565 /* Debug */ = {
			isa = XCBuildConfiguration;
			baseConfigurationReference = B25AD0384ED56C1EF8508606 /* Pods-FindMyBook-FindMyBookUITests.debug.xcconfig */;
			buildSettings = {
				CODE_SIGN_STYLE = Automatic;
				CURRENT_PROJECT_VERSION = 1;
				GENERATE_INFOPLIST_FILE = YES;
				MARKETING_VERSION = 1.0;
				PRODUCT_BUNDLE_IDENTIFIER = com.gokul.FindMyBookUITests;
				PRODUCT_NAME = "$(TARGET_NAME)";
				SWIFT_EMIT_LOC_STRINGS = NO;
				SWIFT_VERSION = 5.0;
				TARGETED_DEVICE_FAMILY = "1,2";
				TEST_TARGET_NAME = FindMyBook;
			};
			name = Debug;
		};
		7F5E638C2DD861F00080D565 /* Release */ = {
			isa = XCBuildConfiguration;
			baseConfigurationReference = 7F73FFCEFFB1F8018D264965 /* Pods-FindMyBook-FindMyBookUITests.release.xcconfig */;
			buildSettings = {
				CODE_SIGN_STYLE = Automatic;
				CURRENT_PROJECT_VERSION = 1;
				GENERATE_INFOPLIST_FILE = YES;
				MARKETING_VERSION = 1.0;
				PRODUCT_BUNDLE_IDENTIFIER = com.gokul.FindMyBookUITests;
				PRODUCT_NAME = "$(TARGET_NAME)";
				SWIFT_EMIT_LOC_STRINGS = NO;
				SWIFT_VERSION = 5.0;
				TARGETED_DEVICE_FAMILY = "1,2";
				TEST_TARGET_NAME = FindMyBook;
			};
			name = Release;
		};
/* End XCBuildConfiguration section */

/* Begin XCConfigurationList section */
		7F5E63512DD861EE0080D565 /* Build configuration list for PBXProject "FindMyBook" */ = {
			isa = XCConfigurationList;
			buildConfigurations = (
				7F5E63852DD861F00080D565 /* Debug */,
				7F5E63862DD861F00080D565 /* Release */,
			);
			defaultConfigurationIsVisible = 0;
			defaultConfigurationName = Release;
		};
		7F5E63822DD861F00080D565 /* Build configuration list for PBXNativeTarget "FindMyBook" */ = {
			isa = XCConfigurationList;
			buildConfigurations = (
				7F5E63832DD861F00080D565 /* Debug */,
				7F5E63842DD861F00080D565 /* Release */,
			);
			defaultConfigurationIsVisible = 0;
			defaultConfigurationName = Release;
		};
		7F5E63872DD861F00080D565 /* Build configuration list for PBXNativeTarget "FindMyBookTests" */ = {
			isa = XCConfigurationList;
			buildConfigurations = (
				7F5E63882DD861F00080D565 /* Debug */,
				7F5E63892DD861F00080D565 /* Release */,
			);
			defaultConfigurationIsVisible = 0;
			defaultConfigurationName = Release;
		};
		7F5E638A2DD861F00080D565 /* Build configuration list for PBXNativeTarget "FindMyBookUITests" */ = {
			isa = XCConfigurationList;
			buildConfigurations = (
				7F5E638B2DD861F00080D565 /* Debug */,
				7F5E638C2DD861F00080D565 /* Release */,
			);
			defaultConfigurationIsVisible = 0;
			defaultConfigurationName = Release;
		};
/* End XCConfigurationList section */

/* Begin XCVersionGroup section */
		7F5E638F2DD8622F0080D565 /* FindMyBook.xcdatamodeld */ = {
			isa = XCVersionGroup;
			children = (
				7F5E63962DD8622F0080D565 /* FindMyBook.xcdatamodel */,
			);
			currentVersion = 7F5E63962DD8622F0080D565 /* FindMyBook.xcdatamodel */;
			path = FindMyBook.xcdatamodeld;
			sourceTree = "<group>";
			versionGroupType = wrapper.xcdatamodel;
		};
/* End XCVersionGroup section */
	};
	rootObject = 7F5E634E2DD861EE0080D565 /* Project object */;
}
